
Microsoft Visual Studio Solution File, Format Version 12.00
# Visual Studio 15
VisualStudioVersion = 15.0.27004.2006
MinimumVisualStudioVersion = 10.0.40219.1
Project("{FAE04EC0-301F-11D3-BF4B-00C04F79EFBC}") = "Z1", "Student\Z1.csproj", "{32B6A165-48A3-4E43-9839-244AE2128777}"
EndProject
Project("{FAE04EC0-301F-11D3-BF4B-00C04F79EFBC}") = "Z2", "Z2\Z2.csproj", "{E3E3E0D5-EF9A-42D4-8C08-9C8F29E98A9E}"
EndProject
Project("{FAE04EC0-301F-11D3-BF4B-00C04F79EFBC}") = "Z3", "Z3\Z3.csproj", "{98139294-77D1-4B6D-A149-6B4A3049FB58}"
EndProject
Project("{FAE04EC0-301F-11D3-BF4B-00C04F79EFBC}") = "Z4", "Z4\Z4.csproj", "{C15DF84A-587B-4B19-A321-FB3FE561D847}"
EndProject
Project("{FAE04EC0-301F-11D3-BF4B-00C04F79EFBC}") = "Z4Tests", "Z4Tests\Z4Tests.csproj", "{5C0CA4F0-603F-4F13-806F-1975EEF6B5D4}"
EndProject
Project("{FAE04EC0-301F-11D3-BF4B-00C04F79EFBC}") = "Z5Pitanja", "Z5Pitanja\Z5Pitanja.csproj", "{C1BE03ED-9525-4060-9F5C-1D11A58C04B5}"
EndProject
Project("{FAE04EC0-301F-11D3-BF4B-00C04F79EFBC}") = "Z6_7", "Z6_7\Z6_7.csproj", "{8A861FC5-D419-455D-9CF8-92D5927C4176}"
EndProject
Global
	GlobalSection(SolutionConfigurationPlatforms) = preSolution
		Debug|Any CPU = Debug|Any CPU
		Release|Any CPU = Release|Any CPU
	EndGlobalSection
	GlobalSection(ProjectConfigurationPlatforms) = postSolution
		{32B6A165-48A3-4E43-9839-244AE2128777}.Debug|Any CPU.ActiveCfg = Debug|Any CPU
		{32B6A165-48A3-4E43-9839-244AE2128777}.Debug|Any CPU.Build.0 = Debug|Any CPU
		{32B6A165-48A3-4E43-9839-244AE2128777}.Release|Any CPU.ActiveCfg = Release|Any CPU
		{32B6A165-48A3-4E43-9839-244AE2128777}.Release|Any CPU.Build.0 = Release|Any CPU
		{E3E3E0D5-EF9A-42D4-8C08-9C8F29E98A9E}.Debug|Any CPU.ActiveCfg = Debug|Any CPU
		{E3E3E0D5-EF9A-42D4-8C08-9C8F29E98A9E}.Debug|Any CPU.Build.0 = Debug|Any CPU
		{E3E3E0D5-EF9A-42D4-8C08-9C8F29E98A9E}.Release|Any CPU.ActiveCfg = Release|Any CPU
		{E3E3E0D5-EF9A-42D4-8C08-9C8F29E98A9E}.Release|Any CPU.Build.0 = Release|Any CPU
		{98139294-77D1-4B6D-A149-6B4A3049FB58}.Debug|Any CPU.ActiveCfg = Debug|Any CPU
		{98139294-77D1-4B6D-A149-6B4A3049FB58}.Debug|Any CPU.Build.0 = Debug|Any CPU
		{98139294-77D1-4B6D-A149-6B4A3049FB58}.Release|Any CPU.ActiveCfg = Release|Any CPU
		{98139294-77D1-4B6D-A149-6B4A3049FB58}.Release|Any CPU.Build.0 = Release|Any CPU
		{C15DF84A-587B-4B19-A321-FB3FE561D847}.Debug|Any CPU.ActiveCfg = Debug|Any CPU
		{C15DF84A-587B-4B19-A321-FB3FE561D847}.Debug|Any CPU.Build.0 = Debug|Any CPU
		{C15DF84A-587B-4B19-A321-FB3FE561D847}.Release|Any CPU.ActiveCfg = Release|Any CPU
		{C15DF84A-587B-4B19-A321-FB3FE561D847}.Release|Any CPU.Build.0 = Release|Any CPU
		{5C0CA4F0-603F-4F13-806F-1975EEF6B5D4}.Debug|Any CPU.ActiveCfg = Debug|Any CPU
		{5C0CA4F0-603F-4F13-806F-1975EEF6B5D4}.Debug|Any CPU.Build.0 = Debug|Any CPU
		{5C0CA4F0-603F-4F13-806F-1975EEF6B5D4}.Release|Any CPU.ActiveCfg = Release|Any CPU
		{5C0CA4F0-603F-4F13-806F-1975EEF6B5D4}.Release|Any CPU.Build.0 = Release|Any CPU
		{C1BE03ED-9525-4060-9F5C-1D11A58C04B5}.Debug|Any CPU.ActiveCfg = Debug|Any CPU
		{C1BE03ED-9525-4060-9F5C-1D11A58C04B5}.Debug|Any CPU.Build.0 = Debug|Any CPU
		{C1BE03ED-9525-4060-9F5C-1D11A58C04B5}.Release|Any CPU.ActiveCfg = Release|Any CPU
		{C1BE03ED-9525-4060-9F5C-1D11A58C04B5}.Release|Any CPU.Build.0 = Release|Any CPU
		{8A861FC5-D419-455D-9CF8-92D5927C4176}.Debug|Any CPU.ActiveCfg = Debug|Any CPU
		{8A861FC5-D419-455D-9CF8-92D5927C4176}.Debug|Any CPU.Build.0 = Debug|Any CPU
		{8A861FC5-D419-455D-9CF8-92D5927C4176}.Release|Any CPU.ActiveCfg = Release|Any CPU
		{8A861FC5-D419-455D-9CF8-92D5927C4176}.Release|Any CPU.Build.0 = Release|Any CPU
	EndGlobalSection
	GlobalSection(SolutionProperties) = preSolution
		HideSolutionNode = FALSE
	EndGlobalSection
	GlobalSection(ExtensibilityGlobals) = postSolution
		SolutionGuid = {F33E6AF6-BFB0-4208-A69B-712908FBFACB}
	EndGlobalSection
EndGlobal
